
Microsoft Visual Studio Solution File, Format Version 12.00
# Visual Studio 14
VisualStudioVersion = 14.0.23107.0
MinimumVisualStudioVersion = 10.0.40219.1
Project("{FAE04EC0-301F-11D3-BF4B-00C04F79EFBC}") = "Optimization", "Optimization\Optimization.csproj", "{498C95D0-0144-43CA-BF63-CF2C432F37B0}"
EndProject
Global
	GlobalSection(SolutionConfigurationPlatforms) = preSolution
		Debug|Any CPU = Debug|Any CPU
		Release|Any CPU = Release|Any CPU
	EndGlobalSection
	GlobalSection(ProjectConfigurationPlatforms) = postSolution
		{498C95D0-0144-43CA-BF63-CF2C432F37B0}.Debug|Any CPU.ActiveCfg = Debug|Any CPU
		{498C95D0-0144-43CA-BF63-CF2C432F37B0}.Debug|Any CPU.Build.0 = Debug|Any CPU
		{498C95D0-0144-43CA-BF63-CF2C432F37B0}.Release|Any CPU.ActiveCfg = Release|Any CPU
		{498C95D0-0144-43CA-BF63-CF2C432F37B0}.Release|Any CPU.Build.0 = Release|Any CPU
	EndGlobalSection
	GlobalSection(SolutionProperties) = preSolution
		HideSolutionNode = FALSE
	EndGlobalSection
EndGlobal
