
Microsoft Visual Studio Solution File, Format Version 12.00
# Visual Studio Version 17
VisualStudioVersion = 17.0.32112.339
MinimumVisualStudioVersion = 10.0.40219.1
Project("{9A19103F-16F7-4668-BE54-9A1E7A4F7556}") = "GeneralMatrix", "GeneralMatrix\GeneralMatrix.csproj", "{E2C9ECFD-E97C-42CF-8201-F0A5E50715ED}"
EndProject
Project("{FAE04EC0-301F-11D3-BF4B-00C04F79EFBC}") = "GeneralMatrix.Tests", "GeneralMatrix.Tests\GeneralMatrix.Tests.csproj", "{46DC92C2-B82C-4EA2-AAE6-2B296947684C}"
EndProject
Global
	GlobalSection(SolutionConfigurationPlatforms) = preSolution
		Debug|Any CPU = Debug|Any CPU
		Release|Any CPU = Release|Any CPU
	EndGlobalSection
	GlobalSection(ProjectConfigurationPlatforms) = postSolution
		{E2C9ECFD-E97C-42CF-8201-F0A5E50715ED}.Debug|Any CPU.ActiveCfg = Debug|Any CPU
		{E2C9ECFD-E97C-42CF-8201-F0A5E50715ED}.Debug|Any CPU.Build.0 = Debug|Any CPU
		{E2C9ECFD-E97C-42CF-8201-F0A5E50715ED}.Release|Any CPU.ActiveCfg = Release|Any CPU
		{E2C9ECFD-E97C-42CF-8201-F0A5E50715ED}.Release|Any CPU.Build.0 = Release|Any CPU
		{46DC92C2-B82C-4EA2-AAE6-2B296947684C}.Debug|Any CPU.ActiveCfg = Debug|Any CPU
		{46DC92C2-B82C-4EA2-AAE6-2B296947684C}.Debug|Any CPU.Build.0 = Debug|Any CPU
		{46DC92C2-B82C-4EA2-AAE6-2B296947684C}.Release|Any CPU.ActiveCfg = Release|Any CPU
		{46DC92C2-B82C-4EA2-AAE6-2B296947684C}.Release|Any CPU.Build.0 = Release|Any CPU
	EndGlobalSection
	GlobalSection(SolutionProperties) = preSolution
		HideSolutionNode = FALSE
	EndGlobalSection
	GlobalSection(ExtensibilityGlobals) = postSolution
		SolutionGuid = {AA9EB926-A383-4FD9-928E-FEA44B156D9B}
	EndGlobalSection
EndGlobal
